
Microsoft Visual Studio Solution File, Format Version 12.00
# Visual Studio Version 16
VisualStudioVersion = 16.0.31129.286
MinimumVisualStudioVersion = 10.0.40219.1
Project("{FAE04EC0-301F-11D3-BF4B-00C04F79EFBC}") = "Logging_For_ASP_NET_Core", "Logging_For_ASP_NET_Core\Logging_For_ASP_NET_Core.csproj", "{67C7138A-257C-4AE9-8473-65A76843818C}"
EndProject
Global
	GlobalSection(SolutionConfigurationPlatforms) = preSolution
		Debug|Any CPU = Debug|Any CPU
		Release|Any CPU = Release|Any CPU
	EndGlobalSection
	GlobalSection(ProjectConfigurationPlatforms) = postSolution
		{67C7138A-257C-4AE9-8473-65A76843818C}.Debug|Any CPU.ActiveCfg = Debug|Any CPU
		{67C7138A-257C-4AE9-8473-65A76843818C}.Debug|Any CPU.Build.0 = Debug|Any CPU
		{67C7138A-257C-4AE9-8473-65A76843818C}.Release|Any CPU.ActiveCfg = Release|Any CPU
		{67C7138A-257C-4AE9-8473-65A76843818C}.Release|Any CPU.Build.0 = Release|Any CPU
	EndGlobalSection
	GlobalSection(SolutionProperties) = preSolution
		HideSolutionNode = FALSE
	EndGlobalSection
	GlobalSection(ExtensibilityGlobals) = postSolution
		SolutionGuid = {8DBF960D-68B6-4011-90AB-77CA4C3AF56D}
	EndGlobalSection
EndGlobal
